
Microsoft Visual Studio Solution File, Format Version 12.00
# Visual Studio Version 17
VisualStudioVersion = 17.13.35931.197 d17.13
MinimumVisualStudioVersion = 10.0.40219.1
Project("{FAE04EC0-301F-11D3-BF4B-00C04F79EFBC}") = "09_Calendario", "09_Calendario.csproj", "{A2558581-4A38-409B-964B-66A41982C980}"
EndProject
Global
	GlobalSection(SolutionConfigurationPlatforms) = preSolution
		Debug|Any CPU = Debug|Any CPU
		Release|Any CPU = Release|Any CPU
	EndGlobalSection
	GlobalSection(ProjectConfigurationPlatforms) = postSolution
		{A2558581-4A38-409B-964B-66A41982C980}.Debug|Any CPU.ActiveCfg = Debug|Any CPU
		{A2558581-4A38-409B-964B-66A41982C980}.Debug|Any CPU.Build.0 = Debug|Any CPU
		{A2558581-4A38-409B-964B-66A41982C980}.Release|Any CPU.ActiveCfg = Release|Any CPU
		{A2558581-4A38-409B-964B-66A41982C980}.Release|Any CPU.Build.0 = Release|Any CPU
	EndGlobalSection
	GlobalSection(SolutionProperties) = preSolution
		HideSolutionNode = FALSE
	EndGlobalSection
	GlobalSection(ExtensibilityGlobals) = postSolution
		SolutionGuid = {242A50C8-0F6B-41E2-BC55-1F3B42BD4C03}
	EndGlobalSection
EndGlobal
