
Microsoft Visual Studio Solution File, Format Version 12.00
# Visual Studio Version 17
VisualStudioVersion = 17.13.35931.197 d17.13
MinimumVisualStudioVersion = 10.0.40219.1
Project("{FAE04EC0-301F-11D3-BF4B-00C04F79EFBC}") = "04_Vetores", "04_Vetores.csproj", "{BF49B6DE-8CFC-44B2-B1CF-1543BF9BC01D}"
EndProject
Global
	GlobalSection(SolutionConfigurationPlatforms) = preSolution
		Debug|Any CPU = Debug|Any CPU
		Release|Any CPU = Release|Any CPU
	EndGlobalSection
	GlobalSection(ProjectConfigurationPlatforms) = postSolution
		{BF49B6DE-8CFC-44B2-B1CF-1543BF9BC01D}.Debug|Any CPU.ActiveCfg = Debug|Any CPU
		{BF49B6DE-8CFC-44B2-B1CF-1543BF9BC01D}.Debug|Any CPU.Build.0 = Debug|Any CPU
		{BF49B6DE-8CFC-44B2-B1CF-1543BF9BC01D}.Release|Any CPU.ActiveCfg = Release|Any CPU
		{BF49B6DE-8CFC-44B2-B1CF-1543BF9BC01D}.Release|Any CPU.Build.0 = Release|Any CPU
	EndGlobalSection
	GlobalSection(SolutionProperties) = preSolution
		HideSolutionNode = FALSE
	EndGlobalSection
	GlobalSection(ExtensibilityGlobals) = postSolution
		SolutionGuid = {D04E23BA-E8BF-44FB-8507-B4A2E4731276}
	EndGlobalSection
EndGlobal
